<?xml version="1.0" encoding="UTF-8" standalone="yes" ?>
<CodeBlocks_project_file>
	<FileVersion major="1" minor="6" />
	<Project>
		<Option title="positionBasedPhysics" />
		<Option pch_mode="2" />
		<Option compiler="gcc" />
		<Build>
			<Target title="Debug">
				<Option output="bin/Debug/positionBasedPhysics" prefix_auto="1" extension_auto="1" />
				<Option object_output="obj/Debug/" />
				<Option type="1" />
				<Option compiler="gcc" />
				<Compiler>
					<Add option="-g" />
					<Add directory="classes" />
					<Add directory="classes/constraints" />
				</Compiler>
			</Target>
			<Target title="Release">
				<Option output="bin/Release/positionBasedPhysics" prefix_auto="1" extension_auto="1" />
				<Option object_output="obj/Release/" />
				<Option type="1" />
				<Option compiler="gcc" />
				<Compiler>
					<Add option="-O2" />
					<Add directory="classes/constraints" />
				</Compiler>
				<Linker>
					<Add option="-s" />
				</Linker>
			</Target>
		</Build>
		<Compiler>
			<Add option="-Wall" />
			<Add option="-fexceptions" />
		</Compiler>
		<Unit filename="classes/constraints/constraint.cpp" />
		<Unit filename="classes/constraints/constraint.h" />
		<Unit filename="classes/constraints/distanceconstraint.cpp" />
		<Unit filename="classes/constraints/distanceconstraint.h" />
		<Unit filename="classes/particle.cpp" />
		<Unit filename="classes/particle.h" />
		<Unit filename="classes/simulator.cpp" />
		<Unit filename="classes/simulator.h" />
		<Unit filename="classes/softforces/softforce.cpp" />
		<Unit filename="classes/softforces/softforce.h" />
		<Unit filename="classes/vector/vector2d.cpp" />
		<Unit filename="classes/vector/vector2d.h" />
		<Unit filename="classes/vector/vector3d.cpp" />
		<Unit filename="classes/vector/vector3d.h" />
		<Unit filename="classes/worldstate.cpp" />
		<Unit filename="classes/worldstate.h" />
		<Unit filename="main.cpp" />
		<Extensions>
			<code_completion />
			<envvars />
			<debugger />
		</Extensions>
	</Project>
</CodeBlocks_project_file>
